
Microsoft Visual Studio Solution File, Format Version 12.00
# Visual Studio 15
VisualStudioVersion = 15.0.26430.14
MinimumVisualStudioVersion = 10.0.40219.1
Project("{2150E333-8FDC-42A3-9474-1A3956D46DE8}") = "Solution Items", "Solution Items", "{B36454EB-E91B-406F-B741-EA39C90D2060}"
	ProjectSection(SolutionItems) = preProject
		Chapter 10 Blending.md = Chapter 10 Blending.md
		Chapter 4 Direct3D Initialization.md = Chapter 4 Direct3D Initialization.md
		readme.md = readme.md
	EndProjectSection
EndProject
Project("{2150E333-8FDC-42A3-9474-1A3956D46DE8}") = "Images", "Images", "{94739BB2-7E3E-4201-9113-278661902598}"
	ProjectSection(SolutionItems) = preProject
		Images\10.1.png = Images\10.1.png
	EndProjectSection
EndProject
Global
	GlobalSection(SolutionProperties) = preSolution
		HideSolutionNode = FALSE
	EndGlobalSection
EndGlobal
